{
  "name": "scrim_code",
  "version": "0.1.0",
  "lockfileVersion": 3,
  "requires": true,
  "packages": {
    "": {
      "name": "scrim_code",
      "version": "0.1.0",
      "license": "UNLICENSED",
      "dependencies": {
        "overpy": "^9.7.16"
      }
    },
    "node_modules/overpy": {
      "version": "9.7.16",
      "resolved": "https://registry.npmjs.org/overpy/-/overpy-9.7.16.tgz",
      "integrity": "sha512-qd76KnBeNdplXeh2gRef7Y8XBT8kuxF7nNM1APVWSl968UA7CaVr8qTwcZFsjGY6/h0xjgEVGCMeFG6nuJBl4A==",
      "bin": {
        "overpy": "cli.js"
      }
    }
  }
}
