{
  "name": "scrim_code",
  "version": "1.0.0",
  "lockfileVersion": 3,
  "requires": true,
  "packages": {
    "": {
      "name": "scrim_code",
      "version": "1.0.0",
      "license": "ISC",
      "dependencies": {
        "overpy": "^9.7.9"
      }
    },
    "node_modules/overpy": {
      "version": "9.7.9",
      "resolved": "https://registry.npmjs.org/overpy/-/overpy-9.7.9.tgz",
      "integrity": "sha512-X18KeAw7qsbNwFESVEiIDidvbVpmcYhHBCGVqO5DPvaOXMs30ZxrODVfHaWHpiskNQ2GXdJ16jblPcFho07wZw==",
      "bin": {
        "overpy": "cli.js"
      }
    }
  }
}
